
Microsoft Visual Studio Solution File, Format Version 12.00
# Visual Studio Version 16
VisualStudioVersion = 16.0.30204.135
MinimumVisualStudioVersion = 10.0.40219.1
Project("{D954291E-2A0B-460D-934E-DC6B0785DB48}") = "Messages.Shared", "Messages.Shared\Messages.Shared.shproj", "{6279C845-92F8-4333-AB99-3D213163593C}"
EndProject
Project("{FAE04EC0-301F-11D3-BF4B-00C04F79EFBC}") = "Messages.Droid", "Messages.Droid\Messages.Droid.csproj", "{1F1C988E-5003-463E-9A32-6C11038F7B4E}"
EndProject
Project("{FAE04EC0-301F-11D3-BF4B-00C04F79EFBC}") = "Messages.iOS", "Messages.iOS\Messages.iOS.csproj", "{FAC31196-EF5E-4B26-98EE-01D5B6B87917}"
EndProject
Project("{FAE04EC0-301F-11D3-BF4B-00C04F79EFBC}") = "Messages.UWP", "Messages.UWP\Messages.UWP.csproj", "{860A4DC1-D3D2-4FDE-9DDD-10B9A169B470}"
EndProject
Project("{FAE04EC0-301F-11D3-BF4B-00C04F79EFBC}") = "Messages.Wasm", "Messages.Wasm\Messages.Wasm.csproj", "{EA7E2D38-6397-4C57-AAE4-5304DAC5658B}"
EndProject
Project("{FAE04EC0-301F-11D3-BF4B-00C04F79EFBC}") = "Messages.macOS", "Messages.macOS\Messages.macOS.csproj", "{D9AA666D-95E3-4DA6-AB27-86A059D21ADC}"
EndProject
Global
	GlobalSection(SharedMSBuildProjectFiles) = preSolution
		Messages.Shared\Messages.Shared.projitems*{1f1c988e-5003-463e-9a32-6c11038f7b4e}*SharedItemsImports = 4
		Messages.Shared\Messages.Shared.projitems*{6279c845-92f8-4333-ab99-3d213163593c}*SharedItemsImports = 13
		Messages.Shared\Messages.Shared.projitems*{860a4dc1-d3d2-4fde-9ddd-10b9a169b470}*SharedItemsImports = 4
		Messages.Shared\Messages.Shared.projitems*{d9aa666d-95e3-4da6-ab27-86a059d21adc}*SharedItemsImports = 4
		Messages.Shared\Messages.Shared.projitems*{ea7e2d38-6397-4c57-aae4-5304dac5658b}*SharedItemsImports = 5
		Messages.Shared\Messages.Shared.projitems*{fac31196-ef5e-4b26-98ee-01d5b6b87917}*SharedItemsImports = 4
	EndGlobalSection
	GlobalSection(SolutionConfigurationPlatforms) = preSolution
		Ad-Hoc|Any CPU = Ad-Hoc|Any CPU
		Ad-Hoc|ARM = Ad-Hoc|ARM
		Ad-Hoc|ARM64 = Ad-Hoc|ARM64
		Ad-Hoc|iPhone = Ad-Hoc|iPhone
		Ad-Hoc|iPhoneSimulator = Ad-Hoc|iPhoneSimulator
		Ad-Hoc|x64 = Ad-Hoc|x64
		Ad-Hoc|x86 = Ad-Hoc|x86
		AppStore|Any CPU = AppStore|Any CPU
		AppStore|ARM = AppStore|ARM
		AppStore|ARM64 = AppStore|ARM64
		AppStore|iPhone = AppStore|iPhone
		AppStore|iPhoneSimulator = AppStore|iPhoneSimulator
		AppStore|x64 = AppStore|x64
		AppStore|x86 = AppStore|x86
		Debug|Any CPU = Debug|Any CPU
		Debug|ARM = Debug|ARM
		Debug|ARM64 = Debug|ARM64
		Debug|iPhone = Debug|iPhone
		Debug|iPhoneSimulator = Debug|iPhoneSimulator
		Debug|x64 = Debug|x64
		Debug|x86 = Debug|x86
		Release|Any CPU = Release|Any CPU
		Release|ARM = Release|ARM
		Release|ARM64 = Release|ARM64
		Release|iPhone = Release|iPhone
		Release|iPhoneSimulator = Release|iPhoneSimulator
		Release|x64 = Release|x64
		Release|x86 = Release|x86
	EndGlobalSection
	GlobalSection(ProjectConfigurationPlatforms) = postSolution
		{1F1C988E-5003-463E-9A32-6C11038F7B4E}.Ad-Hoc|Any CPU.ActiveCfg = Release|Any CPU
		{1F1C988E-5003-463E-9A32-6C11038F7B4E}.Ad-Hoc|Any CPU.Build.0 = Release|Any CPU
		{1F1C988E-5003-463E-9A32-6C11038F7B4E}.Ad-Hoc|Any CPU.Deploy.0 = Release|Any CPU
		{1F1C988E-5003-463E-9A32-6C11038F7B4E}.Ad-Hoc|ARM.ActiveCfg = Release|Any CPU
		{1F1C988E-5003-463E-9A32-6C11038F7B4E}.Ad-Hoc|ARM.Build.0 = Release|Any CPU
		{1F1C988E-5003-463E-9A32-6C11038F7B4E}.Ad-Hoc|ARM.Deploy.0 = Release|Any CPU
		{1F1C988E-5003-463E-9A32-6C11038F7B4E}.Ad-Hoc|ARM64.ActiveCfg = Release|Any CPU
		{1F1C988E-5003-463E-9A32-6C11038F7B4E}.Ad-Hoc|ARM64.Build.0 = Release|Any CPU
		{1F1C988E-5003-463E-9A32-6C11038F7B4E}.Ad-Hoc|ARM64.Deploy.0 = Release|Any CPU
		{1F1C988E-5003-463E-9A32-6C11038F7B4E}.Ad-Hoc|iPhone.ActiveCfg = Release|Any CPU
		{1F1C988E-5003-463E-9A32-6C11038F7B4E}.Ad-Hoc|iPhone.Build.0 = Release|Any CPU
		{1F1C988E-5003-463E-9A32-6C11038F7B4E}.Ad-Hoc|iPhone.Deploy.0 = Release|Any CPU
		{1F1C988E-5003-463E-9A32-6C11038F7B4E}.Ad-Hoc|iPhoneSimulator.ActiveCfg = Release|Any CPU
		{1F1C988E-5003-463E-9A32-6C11038F7B4E}.Ad-Hoc|iPhoneSimulator.Build.0 = Release|Any CPU
		{1F1C988E-5003-463E-9A32-6C11038F7B4E}.Ad-Hoc|iPhoneSimulator.Deploy.0 = Release|Any CPU
		{1F1C988E-5003-463E-9A32-6C11038F7B4E}.Ad-Hoc|x64.ActiveCfg = Release|Any CPU
		{1F1C988E-5003-463E-9A32-6C11038F7B4E}.Ad-Hoc|x64.Build.0 = Release|Any CPU
		{1F1C988E-5003-463E-9A32-6C11038F7B4E}.Ad-Hoc|x64.Deploy.0 = Release|Any CPU
		{1F1C988E-5003-463E-9A32-6C11038F7B4E}.Ad-Hoc|x86.ActiveCfg = Release|Any CPU
		{1F1C988E-5003-463E-9A32-6C11038F7B4E}.Ad-Hoc|x86.Build.0 = Release|Any CPU
		{1F1C988E-5003-463E-9A32-6C11038F7B4E}.Ad-Hoc|x86.Deploy.0 = Release|Any CPU
		{1F1C988E-5003-463E-9A32-6C11038F7B4E}.AppStore|Any CPU.ActiveCfg = Release|Any CPU
		{1F1C988E-5003-463E-9A32-6C11038F7B4E}.AppStore|Any CPU.Build.0 = Release|Any CPU
		{1F1C988E-5003-463E-9A32-6C11038F7B4E}.AppStore|Any CPU.Deploy.0 = Release|Any CPU
		{1F1C988E-5003-463E-9A32-6C11038F7B4E}.AppStore|ARM.ActiveCfg = Release|Any CPU
		{1F1C988E-5003-463E-9A32-6C11038F7B4E}.AppStore|ARM.Build.0 = Release|Any CPU
		{1F1C988E-5003-463E-9A32-6C11038F7B4E}.AppStore|ARM.Deploy.0 = Release|Any CPU
		{1F1C988E-5003-463E-9A32-6C11038F7B4E}.AppStore|ARM64.ActiveCfg = Release|Any CPU
		{1F1C988E-5003-463E-9A32-6C11038F7B4E}.AppStore|ARM64.Build.0 = Release|Any CPU
		{1F1C988E-5003-463E-9A32-6C11038F7B4E}.AppStore|ARM64.Deploy.0 = Release|Any CPU
		{1F1C988E-5003-463E-9A32-6C11038F7B4E}.AppStore|iPhone.ActiveCfg = Release|Any CPU
		{1F1C988E-5003-463E-9A32-6C11038F7B4E}.AppStore|iPhone.Build.0 = Release|Any CPU
		{1F1C988E-5003-463E-9A32-6C11038F7B4E}.AppStore|iPhone.Deploy.0 = Release|Any CPU
		{1F1C988E-5003-463E-9A32-6C11038F7B4E}.AppStore|iPhoneSimulator.ActiveCfg = Release|Any CPU
		{1F1C988E-5003-463E-9A32-6C11038F7B4E}.AppStore|iPhoneSimulator.Build.0 = Release|Any CPU
		{1F1C988E-5003-463E-9A32-6C11038F7B4E}.AppStore|iPhoneSimulator.Deploy.0 = Release|Any CPU
		{1F1C988E-5003-463E-9A32-6C11038F7B4E}.AppStore|x64.ActiveCfg = Release|Any CPU
		{1F1C988E-5003-463E-9A32-6C11038F7B4E}.AppStore|x64.Build.0 = Release|Any CPU
		{1F1C988E-5003-463E-9A32-6C11038F7B4E}.AppStore|x64.Deploy.0 = Release|Any CPU
		{1F1C988E-5003-463E-9A32-6C11038F7B4E}.AppStore|x86.ActiveCfg = Release|Any CPU
		{1F1C988E-5003-463E-9A32-6C11038F7B4E}.AppStore|x86.Build.0 = Release|Any CPU
		{1F1C988E-5003-463E-9A32-6C11038F7B4E}.AppStore|x86.Deploy.0 = Release|Any CPU
		{1F1C988E-5003-463E-9A32-6C11038F7B4E}.Debug|Any CPU.ActiveCfg = Debug|Any CPU
		{1F1C988E-5003-463E-9A32-6C11038F7B4E}.Debug|Any CPU.Build.0 = Debug|Any CPU
		{1F1C988E-5003-463E-9A32-6C11038F7B4E}.Debug|Any CPU.Deploy.0 = Debug|Any CPU
		{1F1C988E-5003-463E-9A32-6C11038F7B4E}.Debug|ARM.ActiveCfg = Debug|Any CPU
		{1F1C988E-5003-463E-9A32-6C11038F7B4E}.Debug|ARM.Build.0 = Debug|Any CPU
		{1F1C988E-5003-463E-9A32-6C11038F7B4E}.Debug|ARM.Deploy.0 = Debug|Any CPU
		{1F1C988E-5003-463E-9A32-6C11038F7B4E}.Debug|ARM64.ActiveCfg = Debug|Any CPU
		{1F1C988E-5003-463E-9A32-6C11038F7B4E}.Debug|ARM64.Build.0 = Debug|Any CPU
		{1F1C988E-5003-463E-9A32-6C11038F7B4E}.Debug|ARM64.Deploy.0 = Debug|Any CPU
		{1F1C988E-5003-463E-9A32-6C11038F7B4E}.Debug|iPhone.ActiveCfg = Debug|Any CPU
		{1F1C988E-5003-463E-9A32-6C11038F7B4E}.Debug|iPhone.Build.0 = Debug|Any CPU
		{1F1C988E-5003-463E-9A32-6C11038F7B4E}.Debug|iPhone.Deploy.0 = Debug|Any CPU
		{1F1C988E-5003-463E-9A32-6C11038F7B4E}.Debug|iPhoneSimulator.ActiveCfg = Debug|Any CPU
		{1F1C988E-5003-463E-9A32-6C11038F7B4E}.Debug|iPhoneSimulator.Build.0 = Debug|Any CPU
		{1F1C988E-5003-463E-9A32-6C11038F7B4E}.Debug|iPhoneSimulator.Deploy.0 = Debug|Any CPU
		{1F1C988E-5003-463E-9A32-6C11038F7B4E}.Debug|x64.ActiveCfg = Debug|Any CPU
		{1F1C988E-5003-463E-9A32-6C11038F7B4E}.Debug|x64.Build.0 = Debug|Any CPU
		{1F1C988E-5003-463E-9A32-6C11038F7B4E}.Debug|x64.Deploy.0 = Debug|Any CPU
		{1F1C988E-5003-463E-9A32-6C11038F7B4E}.Debug|x86.ActiveCfg = Debug|Any CPU
		{1F1C988E-5003-463E-9A32-6C11038F7B4E}.Debug|x86.Build.0 = Debug|Any CPU
		{1F1C988E-5003-463E-9A32-6C11038F7B4E}.Debug|x86.Deploy.0 = Debug|Any CPU
		{1F1C988E-5003-463E-9A32-6C11038F7B4E}.Release|Any CPU.ActiveCfg = Release|Any CPU
		{1F1C988E-5003-463E-9A32-6C11038F7B4E}.Release|Any CPU.Build.0 = Release|Any CPU
		{1F1C988E-5003-463E-9A32-6C11038F7B4E}.Release|Any CPU.Deploy.0 = Release|Any CPU
		{1F1C988E-5003-463E-9A32-6C11038F7B4E}.Release|ARM.ActiveCfg = Release|Any CPU
		{1F1C988E-5003-463E-9A32-6C11038F7B4E}.Release|ARM.Build.0 = Release|Any CPU
		{1F1C988E-5003-463E-9A32-6C11038F7B4E}.Release|ARM.Deploy.0 = Release|Any CPU
		{1F1C988E-5003-463E-9A32-6C11038F7B4E}.Release|ARM64.ActiveCfg = Release|Any CPU
		{1F1C988E-5003-463E-9A32-6C11038F7B4E}.Release|ARM64.Build.0 = Release|Any CPU
		{1F1C988E-5003-463E-9A32-6C11038F7B4E}.Release|ARM64.Deploy.0 = Release|Any CPU
		{1F1C988E-5003-463E-9A32-6C11038F7B4E}.Release|iPhone.ActiveCfg = Release|Any CPU
		{1F1C988E-5003-463E-9A32-6C11038F7B4E}.Release|iPhone.Build.0 = Release|Any CPU
		{1F1C988E-5003-463E-9A32-6C11038F7B4E}.Release|iPhone.Deploy.0 = Release|Any CPU
		{1F1C988E-5003-463E-9A32-6C11038F7B4E}.Release|iPhoneSimulator.ActiveCfg = Release|Any CPU
		{1F1C988E-5003-463E-9A32-6C11038F7B4E}.Release|iPhoneSimulator.Build.0 = Release|Any CPU
		{1F1C988E-5003-463E-9A32-6C11038F7B4E}.Release|iPhoneSimulator.Deploy.0 = Release|Any CPU
		{1F1C988E-5003-463E-9A32-6C11038F7B4E}.Release|x64.ActiveCfg = Release|Any CPU
		{1F1C988E-5003-463E-9A32-6C11038F7B4E}.Release|x64.Build.0 = Release|Any CPU
		{1F1C988E-5003-463E-9A32-6C11038F7B4E}.Release|x64.Deploy.0 = Release|Any CPU
		{1F1C988E-5003-463E-9A32-6C11038F7B4E}.Release|x86.ActiveCfg = Release|Any CPU
		{1F1C988E-5003-463E-9A32-6C11038F7B4E}.Release|x86.Build.0 = Release|Any CPU
		{1F1C988E-5003-463E-9A32-6C11038F7B4E}.Release|x86.Deploy.0 = Release|Any CPU
		{FAC31196-EF5E-4B26-98EE-01D5B6B87917}.Ad-Hoc|Any CPU.ActiveCfg = Ad-Hoc|iPhone
		{FAC31196-EF5E-4B26-98EE-01D5B6B87917}.Ad-Hoc|ARM.ActiveCfg = Ad-Hoc|iPhone
		{FAC31196-EF5E-4B26-98EE-01D5B6B87917}.Ad-Hoc|ARM64.ActiveCfg = Ad-Hoc|iPhone
		{FAC31196-EF5E-4B26-98EE-01D5B6B87917}.Ad-Hoc|iPhone.ActiveCfg = Ad-Hoc|iPhone
		{FAC31196-EF5E-4B26-98EE-01D5B6B87917}.Ad-Hoc|iPhone.Build.0 = Ad-Hoc|iPhone
		{FAC31196-EF5E-4B26-98EE-01D5B6B87917}.Ad-Hoc|iPhoneSimulator.ActiveCfg = Ad-Hoc|iPhoneSimulator
		{FAC31196-EF5E-4B26-98EE-01D5B6B87917}.Ad-Hoc|iPhoneSimulator.Build.0 = Ad-Hoc|iPhoneSimulator
		{FAC31196-EF5E-4B26-98EE-01D5B6B87917}.Ad-Hoc|x64.ActiveCfg = Ad-Hoc|iPhone
		{FAC31196-EF5E-4B26-98EE-01D5B6B87917}.Ad-Hoc|x86.ActiveCfg = Ad-Hoc|iPhone
		{FAC31196-EF5E-4B26-98EE-01D5B6B87917}.AppStore|Any CPU.ActiveCfg = AppStore|iPhone
		{FAC31196-EF5E-4B26-98EE-01D5B6B87917}.AppStore|ARM.ActiveCfg = AppStore|iPhone
		{FAC31196-EF5E-4B26-98EE-01D5B6B87917}.AppStore|ARM64.ActiveCfg = AppStore|iPhone
		{FAC31196-EF5E-4B26-98EE-01D5B6B87917}.AppStore|iPhone.ActiveCfg = AppStore|iPhone
		{FAC31196-EF5E-4B26-98EE-01D5B6B87917}.AppStore|iPhone.Build.0 = AppStore|iPhone
		{FAC31196-EF5E-4B26-98EE-01D5B6B87917}.AppStore|iPhoneSimulator.ActiveCfg = AppStore|iPhoneSimulator
		{FAC31196-EF5E-4B26-98EE-01D5B6B87917}.AppStore|iPhoneSimulator.Build.0 = AppStore|iPhoneSimulator
		{FAC31196-EF5E-4B26-98EE-01D5B6B87917}.AppStore|x64.ActiveCfg = AppStore|iPhone
		{FAC31196-EF5E-4B26-98EE-01D5B6B87917}.AppStore|x86.ActiveCfg = AppStore|iPhone
		{FAC31196-EF5E-4B26-98EE-01D5B6B87917}.Debug|Any CPU.ActiveCfg = Debug|iPhone
		{FAC31196-EF5E-4B26-98EE-01D5B6B87917}.Debug|ARM.ActiveCfg = Debug|iPhone
		{FAC31196-EF5E-4B26-98EE-01D5B6B87917}.Debug|ARM64.ActiveCfg = Debug|iPhone
		{FAC31196-EF5E-4B26-98EE-01D5B6B87917}.Debug|iPhone.ActiveCfg = Debug|iPhone
		{FAC31196-EF5E-4B26-98EE-01D5B6B87917}.Debug|iPhone.Build.0 = Debug|iPhone
		{FAC31196-EF5E-4B26-98EE-01D5B6B87917}.Debug|iPhoneSimulator.ActiveCfg = Debug|iPhoneSimulator
		{FAC31196-EF5E-4B26-98EE-01D5B6B87917}.Debug|iPhoneSimulator.Build.0 = Debug|iPhoneSimulator
		{FAC31196-EF5E-4B26-98EE-01D5B6B87917}.Debug|x64.ActiveCfg = Debug|iPhone
		{FAC31196-EF5E-4B26-98EE-01D5B6B87917}.Debug|x86.ActiveCfg = Debug|iPhone
		{FAC31196-EF5E-4B26-98EE-01D5B6B87917}.Release|Any CPU.ActiveCfg = Release|iPhone
		{FAC31196-EF5E-4B26-98EE-01D5B6B87917}.Release|ARM.ActiveCfg = Release|iPhone
		{FAC31196-EF5E-4B26-98EE-01D5B6B87917}.Release|ARM64.ActiveCfg = Release|iPhone
		{FAC31196-EF5E-4B26-98EE-01D5B6B87917}.Release|iPhone.ActiveCfg = Release|iPhone
		{FAC31196-EF5E-4B26-98EE-01D5B6B87917}.Release|iPhone.Build.0 = Release|iPhone
		{FAC31196-EF5E-4B26-98EE-01D5B6B87917}.Release|iPhoneSimulator.ActiveCfg = Release|iPhoneSimulator
		{FAC31196-EF5E-4B26-98EE-01D5B6B87917}.Release|iPhoneSimulator.Build.0 = Release|iPhoneSimulator
		{FAC31196-EF5E-4B26-98EE-01D5B6B87917}.Release|x64.ActiveCfg = Release|iPhone
		{FAC31196-EF5E-4B26-98EE-01D5B6B87917}.Release|x86.ActiveCfg = Release|iPhone
		{860A4DC1-D3D2-4FDE-9DDD-10B9A169B470}.Ad-Hoc|Any CPU.ActiveCfg = Release|x64
		{860A4DC1-D3D2-4FDE-9DDD-10B9A169B470}.Ad-Hoc|Any CPU.Build.0 = Release|x64
		{860A4DC1-D3D2-4FDE-9DDD-10B9A169B470}.Ad-Hoc|Any CPU.Deploy.0 = Release|x64
		{860A4DC1-D3D2-4FDE-9DDD-10B9A169B470}.Ad-Hoc|ARM.ActiveCfg = Release|ARM
		{860A4DC1-D3D2-4FDE-9DDD-10B9A169B470}.Ad-Hoc|ARM.Build.0 = Release|ARM
		{860A4DC1-D3D2-4FDE-9DDD-10B9A169B470}.Ad-Hoc|ARM.Deploy.0 = Release|ARM
		{860A4DC1-D3D2-4FDE-9DDD-10B9A169B470}.Ad-Hoc|ARM64.ActiveCfg = Release|ARM64
		{860A4DC1-D3D2-4FDE-9DDD-10B9A169B470}.Ad-Hoc|ARM64.Build.0 = Release|ARM64
		{860A4DC1-D3D2-4FDE-9DDD-10B9A169B470}.Ad-Hoc|ARM64.Deploy.0 = Release|ARM64
		{860A4DC1-D3D2-4FDE-9DDD-10B9A169B470}.Ad-Hoc|iPhone.ActiveCfg = Release|x64
		{860A4DC1-D3D2-4FDE-9DDD-10B9A169B470}.Ad-Hoc|iPhone.Build.0 = Release|x64
		{860A4DC1-D3D2-4FDE-9DDD-10B9A169B470}.Ad-Hoc|iPhone.Deploy.0 = Release|x64
		{860A4DC1-D3D2-4FDE-9DDD-10B9A169B470}.Ad-Hoc|iPhoneSimulator.ActiveCfg = Release|x64
		{860A4DC1-D3D2-4FDE-9DDD-10B9A169B470}.Ad-Hoc|iPhoneSimulator.Build.0 = Release|x64
		{860A4DC1-D3D2-4FDE-9DDD-10B9A169B470}.Ad-Hoc|iPhoneSimulator.Deploy.0 = Release|x64
		{860A4DC1-D3D2-4FDE-9DDD-10B9A169B470}.Ad-Hoc|x64.ActiveCfg = Release|x64
		{860A4DC1-D3D2-4FDE-9DDD-10B9A169B470}.Ad-Hoc|x64.Build.0 = Release|x64
		{860A4DC1-D3D2-4FDE-9DDD-10B9A169B470}.Ad-Hoc|x64.Deploy.0 = Release|x64
		{860A4DC1-D3D2-4FDE-9DDD-10B9A169B470}.Ad-Hoc|x86.ActiveCfg = Release|x86
		{860A4DC1-D3D2-4FDE-9DDD-10B9A169B470}.Ad-Hoc|x86.Build.0 = Release|x86
		{860A4DC1-D3D2-4FDE-9DDD-10B9A169B470}.Ad-Hoc|x86.Deploy.0 = Release|x86
		{860A4DC1-D3D2-4FDE-9DDD-10B9A169B470}.AppStore|Any CPU.ActiveCfg = Release|x64
		{860A4DC1-D3D2-4FDE-9DDD-10B9A169B470}.AppStore|Any CPU.Build.0 = Release|x64
		{860A4DC1-D3D2-4FDE-9DDD-10B9A169B470}.AppStore|Any CPU.Deploy.0 = Release|x64
		{860A4DC1-D3D2-4FDE-9DDD-10B9A169B470}.AppStore|ARM.ActiveCfg = Release|ARM
		{860A4DC1-D3D2-4FDE-9DDD-10B9A169B470}.AppStore|ARM.Build.0 = Release|ARM
		{860A4DC1-D3D2-4FDE-9DDD-10B9A169B470}.AppStore|ARM.Deploy.0 = Release|ARM
		{860A4DC1-D3D2-4FDE-9DDD-10B9A169B470}.AppStore|ARM64.ActiveCfg = Release|ARM64
		{860A4DC1-D3D2-4FDE-9DDD-10B9A169B470}.AppStore|ARM64.Build.0 = Release|ARM64
		{860A4DC1-D3D2-4FDE-9DDD-10B9A169B470}.AppStore|ARM64.Deploy.0 = Release|ARM64
		{860A4DC1-D3D2-4FDE-9DDD-10B9A169B470}.AppStore|iPhone.ActiveCfg = Release|x64
		{860A4DC1-D3D2-4FDE-9DDD-10B9A169B470}.AppStore|iPhone.Build.0 = Release|x64
		{860A4DC1-D3D2-4FDE-9DDD-10B9A169B470}.AppStore|iPhone.Deploy.0 = Release|x64
		{860A4DC1-D3D2-4FDE-9DDD-10B9A169B470}.AppStore|iPhoneSimulator.ActiveCfg = Release|x64
		{860A4DC1-D3D2-4FDE-9DDD-10B9A169B470}.AppStore|iPhoneSimulator.Build.0 = Release|x64
		{860A4DC1-D3D2-4FDE-9DDD-10B9A169B470}.AppStore|iPhoneSimulator.Deploy.0 = Release|x64
		{860A4DC1-D3D2-4FDE-9DDD-10B9A169B470}.AppStore|x64.ActiveCfg = Release|x64
		{860A4DC1-D3D2-4FDE-9DDD-10B9A169B470}.AppStore|x64.Build.0 = Release|x64
		{860A4DC1-D3D2-4FDE-9DDD-10B9A169B470}.AppStore|x64.Deploy.0 = Release|x64
		{860A4DC1-D3D2-4FDE-9DDD-10B9A169B470}.AppStore|x86.ActiveCfg = Release|x86
		{860A4DC1-D3D2-4FDE-9DDD-10B9A169B470}.AppStore|x86.Build.0 = Release|x86
		{860A4DC1-D3D2-4FDE-9DDD-10B9A169B470}.AppStore|x86.Deploy.0 = Release|x86
		{860A4DC1-D3D2-4FDE-9DDD-10B9A169B470}.Debug|Any CPU.ActiveCfg = Debug|x86
		{860A4DC1-D3D2-4FDE-9DDD-10B9A169B470}.Debug|ARM.ActiveCfg = Debug|ARM
		{860A4DC1-D3D2-4FDE-9DDD-10B9A169B470}.Debug|ARM.Build.0 = Debug|ARM
		{860A4DC1-D3D2-4FDE-9DDD-10B9A169B470}.Debug|ARM.Deploy.0 = Debug|ARM
		{860A4DC1-D3D2-4FDE-9DDD-10B9A169B470}.Debug|ARM64.ActiveCfg = Debug|ARM64
		{860A4DC1-D3D2-4FDE-9DDD-10B9A169B470}.Debug|ARM64.Build.0 = Debug|ARM64
		{860A4DC1-D3D2-4FDE-9DDD-10B9A169B470}.Debug|ARM64.Deploy.0 = Debug|ARM64
		{860A4DC1-D3D2-4FDE-9DDD-10B9A169B470}.Debug|iPhone.ActiveCfg = Debug|x86
		{860A4DC1-D3D2-4FDE-9DDD-10B9A169B470}.Debug|iPhoneSimulator.ActiveCfg = Debug|x86
		{860A4DC1-D3D2-4FDE-9DDD-10B9A169B470}.Debug|x64.ActiveCfg = Debug|x64
		{860A4DC1-D3D2-4FDE-9DDD-10B9A169B470}.Debug|x64.Build.0 = Debug|x64
		{860A4DC1-D3D2-4FDE-9DDD-10B9A169B470}.Debug|x64.Deploy.0 = Debug|x64
		{860A4DC1-D3D2-4FDE-9DDD-10B9A169B470}.Debug|x86.ActiveCfg = Debug|x86
		{860A4DC1-D3D2-4FDE-9DDD-10B9A169B470}.Debug|x86.Build.0 = Debug|x86
		{860A4DC1-D3D2-4FDE-9DDD-10B9A169B470}.Debug|x86.Deploy.0 = Debug|x86
		{860A4DC1-D3D2-4FDE-9DDD-10B9A169B470}.Release|Any CPU.ActiveCfg = Release|x86
		{860A4DC1-D3D2-4FDE-9DDD-10B9A169B470}.Release|ARM.ActiveCfg = Release|ARM
		{860A4DC1-D3D2-4FDE-9DDD-10B9A169B470}.Release|ARM.Build.0 = Release|ARM
		{860A4DC1-D3D2-4FDE-9DDD-10B9A169B470}.Release|ARM.Deploy.0 = Release|ARM
		{860A4DC1-D3D2-4FDE-9DDD-10B9A169B470}.Release|ARM64.ActiveCfg = Release|ARM64
		{860A4DC1-D3D2-4FDE-9DDD-10B9A169B470}.Release|ARM64.Build.0 = Release|ARM64
		{860A4DC1-D3D2-4FDE-9DDD-10B9A169B470}.Release|ARM64.Deploy.0 = Release|ARM64
		{860A4DC1-D3D2-4FDE-9DDD-10B9A169B470}.Release|iPhone.ActiveCfg = Release|x86
		{860A4DC1-D3D2-4FDE-9DDD-10B9A169B470}.Release|iPhoneSimulator.ActiveCfg = Release|x86
		{860A4DC1-D3D2-4FDE-9DDD-10B9A169B470}.Release|x64.ActiveCfg = Release|x64
		{860A4DC1-D3D2-4FDE-9DDD-10B9A169B470}.Release|x64.Build.0 = Release|x64
		{860A4DC1-D3D2-4FDE-9DDD-10B9A169B470}.Release|x64.Deploy.0 = Release|x64
		{860A4DC1-D3D2-4FDE-9DDD-10B9A169B470}.Release|x86.ActiveCfg = Release|x86
		{860A4DC1-D3D2-4FDE-9DDD-10B9A169B470}.Release|x86.Build.0 = Release|x86
		{860A4DC1-D3D2-4FDE-9DDD-10B9A169B470}.Release|x86.Deploy.0 = Release|x86
		{EA7E2D38-6397-4C57-AAE4-5304DAC5658B}.Ad-Hoc|Any CPU.ActiveCfg = Debug|Any CPU
		{EA7E2D38-6397-4C57-AAE4-5304DAC5658B}.Ad-Hoc|Any CPU.Build.0 = Debug|Any CPU
		{EA7E2D38-6397-4C57-AAE4-5304DAC5658B}.Ad-Hoc|ARM.ActiveCfg = Debug|Any CPU
		{EA7E2D38-6397-4C57-AAE4-5304DAC5658B}.Ad-Hoc|ARM.Build.0 = Debug|Any CPU
		{EA7E2D38-6397-4C57-AAE4-5304DAC5658B}.Ad-Hoc|ARM64.ActiveCfg = Debug|Any CPU
		{EA7E2D38-6397-4C57-AAE4-5304DAC5658B}.Ad-Hoc|ARM64.Build.0 = Debug|Any CPU
		{EA7E2D38-6397-4C57-AAE4-5304DAC5658B}.Ad-Hoc|iPhone.ActiveCfg = Debug|Any CPU
		{EA7E2D38-6397-4C57-AAE4-5304DAC5658B}.Ad-Hoc|iPhone.Build.0 = Debug|Any CPU
		{EA7E2D38-6397-4C57-AAE4-5304DAC5658B}.Ad-Hoc|iPhoneSimulator.ActiveCfg = Debug|Any CPU
		{EA7E2D38-6397-4C57-AAE4-5304DAC5658B}.Ad-Hoc|iPhoneSimulator.Build.0 = Debug|Any CPU
		{EA7E2D38-6397-4C57-AAE4-5304DAC5658B}.Ad-Hoc|x64.ActiveCfg = Debug|Any CPU
		{EA7E2D38-6397-4C57-AAE4-5304DAC5658B}.Ad-Hoc|x64.Build.0 = Debug|Any CPU
		{EA7E2D38-6397-4C57-AAE4-5304DAC5658B}.Ad-Hoc|x86.ActiveCfg = Debug|Any CPU
		{EA7E2D38-6397-4C57-AAE4-5304DAC5658B}.Ad-Hoc|x86.Build.0 = Debug|Any CPU
		{EA7E2D38-6397-4C57-AAE4-5304DAC5658B}.AppStore|Any CPU.ActiveCfg = Debug|Any CPU
		{EA7E2D38-6397-4C57-AAE4-5304DAC5658B}.AppStore|Any CPU.Build.0 = Debug|Any CPU
		{EA7E2D38-6397-4C57-AAE4-5304DAC5658B}.AppStore|ARM.ActiveCfg = Debug|Any CPU
		{EA7E2D38-6397-4C57-AAE4-5304DAC5658B}.AppStore|ARM.Build.0 = Debug|Any CPU
		{EA7E2D38-6397-4C57-AAE4-5304DAC5658B}.AppStore|ARM64.ActiveCfg = Debug|Any CPU
		{EA7E2D38-6397-4C57-AAE4-5304DAC5658B}.AppStore|ARM64.Build.0 = Debug|Any CPU
		{EA7E2D38-6397-4C57-AAE4-5304DAC5658B}.AppStore|iPhone.ActiveCfg = Debug|Any CPU
		{EA7E2D38-6397-4C57-AAE4-5304DAC5658B}.AppStore|iPhone.Build.0 = Debug|Any CPU
		{EA7E2D38-6397-4C57-AAE4-5304DAC5658B}.AppStore|iPhoneSimulator.ActiveCfg = Debug|Any CPU
		{EA7E2D38-6397-4C57-AAE4-5304DAC5658B}.AppStore|iPhoneSimulator.Build.0 = Debug|Any CPU
		{EA7E2D38-6397-4C57-AAE4-5304DAC5658B}.AppStore|x64.ActiveCfg = Debug|Any CPU
		{EA7E2D38-6397-4C57-AAE4-5304DAC5658B}.AppStore|x64.Build.0 = Debug|Any CPU
		{EA7E2D38-6397-4C57-AAE4-5304DAC5658B}.AppStore|x86.ActiveCfg = Debug|Any CPU
		{EA7E2D38-6397-4C57-AAE4-5304DAC5658B}.AppStore|x86.Build.0 = Debug|Any CPU
		{EA7E2D38-6397-4C57-AAE4-5304DAC5658B}.Debug|Any CPU.ActiveCfg = Debug|Any CPU
		{EA7E2D38-6397-4C57-AAE4-5304DAC5658B}.Debug|Any CPU.Build.0 = Debug|Any CPU
		{EA7E2D38-6397-4C57-AAE4-5304DAC5658B}.Debug|ARM.ActiveCfg = Debug|Any CPU
		{EA7E2D38-6397-4C57-AAE4-5304DAC5658B}.Debug|ARM.Build.0 = Debug|Any CPU
		{EA7E2D38-6397-4C57-AAE4-5304DAC5658B}.Debug|ARM64.ActiveCfg = Debug|Any CPU
		{EA7E2D38-6397-4C57-AAE4-5304DAC5658B}.Debug|ARM64.Build.0 = Debug|Any CPU
		{EA7E2D38-6397-4C57-AAE4-5304DAC5658B}.Debug|iPhone.ActiveCfg = Debug|Any CPU
		{EA7E2D38-6397-4C57-AAE4-5304DAC5658B}.Debug|iPhone.Build.0 = Debug|Any CPU
		{EA7E2D38-6397-4C57-AAE4-5304DAC5658B}.Debug|iPhoneSimulator.ActiveCfg = Debug|Any CPU
		{EA7E2D38-6397-4C57-AAE4-5304DAC5658B}.Debug|iPhoneSimulator.Build.0 = Debug|Any CPU
		{EA7E2D38-6397-4C57-AAE4-5304DAC5658B}.Debug|x64.ActiveCfg = Debug|Any CPU
		{EA7E2D38-6397-4C57-AAE4-5304DAC5658B}.Debug|x64.Build.0 = Debug|Any CPU
		{EA7E2D38-6397-4C57-AAE4-5304DAC5658B}.Debug|x86.ActiveCfg = Debug|Any CPU
		{EA7E2D38-6397-4C57-AAE4-5304DAC5658B}.Debug|x86.Build.0 = Debug|Any CPU
		{EA7E2D38-6397-4C57-AAE4-5304DAC5658B}.Release|Any CPU.ActiveCfg = Release|Any CPU
		{EA7E2D38-6397-4C57-AAE4-5304DAC5658B}.Release|Any CPU.Build.0 = Release|Any CPU
		{EA7E2D38-6397-4C57-AAE4-5304DAC5658B}.Release|ARM.ActiveCfg = Release|Any CPU
		{EA7E2D38-6397-4C57-AAE4-5304DAC5658B}.Release|ARM.Build.0 = Release|Any CPU
		{EA7E2D38-6397-4C57-AAE4-5304DAC5658B}.Release|ARM64.ActiveCfg = Release|Any CPU
		{EA7E2D38-6397-4C57-AAE4-5304DAC5658B}.Release|ARM64.Build.0 = Release|Any CPU
		{EA7E2D38-6397-4C57-AAE4-5304DAC5658B}.Release|iPhone.ActiveCfg = Release|Any CPU
		{EA7E2D38-6397-4C57-AAE4-5304DAC5658B}.Release|iPhone.Build.0 = Release|Any CPU
		{EA7E2D38-6397-4C57-AAE4-5304DAC5658B}.Release|iPhoneSimulator.ActiveCfg = Release|Any CPU
		{EA7E2D38-6397-4C57-AAE4-5304DAC5658B}.Release|iPhoneSimulator.Build.0 = Release|Any CPU
		{EA7E2D38-6397-4C57-AAE4-5304DAC5658B}.Release|x64.ActiveCfg = Release|Any CPU
		{EA7E2D38-6397-4C57-AAE4-5304DAC5658B}.Release|x64.Build.0 = Release|Any CPU
		{EA7E2D38-6397-4C57-AAE4-5304DAC5658B}.Release|x86.ActiveCfg = Release|Any CPU
		{EA7E2D38-6397-4C57-AAE4-5304DAC5658B}.Release|x86.Build.0 = Release|Any CPU
		{D9AA666D-95E3-4DA6-AB27-86A059D21ADC}.Ad-Hoc|Any CPU.ActiveCfg = Release|iPhoneSimulator
		{D9AA666D-95E3-4DA6-AB27-86A059D21ADC}.Ad-Hoc|Any CPU.Build.0 = Release|iPhoneSimulator
		{D9AA666D-95E3-4DA6-AB27-86A059D21ADC}.Ad-Hoc|ARM.ActiveCfg = Release|iPhoneSimulator
		{D9AA666D-95E3-4DA6-AB27-86A059D21ADC}.Ad-Hoc|ARM.Build.0 = Release|iPhoneSimulator
		{D9AA666D-95E3-4DA6-AB27-86A059D21ADC}.Ad-Hoc|ARM64.ActiveCfg = Release|iPhoneSimulator
		{D9AA666D-95E3-4DA6-AB27-86A059D21ADC}.Ad-Hoc|ARM64.Build.0 = Release|iPhoneSimulator
		{D9AA666D-95E3-4DA6-AB27-86A059D21ADC}.Ad-Hoc|iPhone.ActiveCfg = Release|iPhoneSimulator
		{D9AA666D-95E3-4DA6-AB27-86A059D21ADC}.Ad-Hoc|iPhone.Build.0 = Release|iPhoneSimulator
		{D9AA666D-95E3-4DA6-AB27-86A059D21ADC}.Ad-Hoc|iPhoneSimulator.ActiveCfg = Release|iPhoneSimulator
		{D9AA666D-95E3-4DA6-AB27-86A059D21ADC}.Ad-Hoc|iPhoneSimulator.Build.0 = Release|iPhoneSimulator
		{D9AA666D-95E3-4DA6-AB27-86A059D21ADC}.Ad-Hoc|x64.ActiveCfg = Release|iPhoneSimulator
		{D9AA666D-95E3-4DA6-AB27-86A059D21ADC}.Ad-Hoc|x64.Build.0 = Release|iPhoneSimulator
		{D9AA666D-95E3-4DA6-AB27-86A059D21ADC}.Ad-Hoc|x86.ActiveCfg = Release|iPhoneSimulator
		{D9AA666D-95E3-4DA6-AB27-86A059D21ADC}.Ad-Hoc|x86.Build.0 = Release|iPhoneSimulator
		{D9AA666D-95E3-4DA6-AB27-86A059D21ADC}.AppStore|Any CPU.ActiveCfg = Release|iPhoneSimulator
		{D9AA666D-95E3-4DA6-AB27-86A059D21ADC}.AppStore|Any CPU.Build.0 = Release|iPhoneSimulator
		{D9AA666D-95E3-4DA6-AB27-86A059D21ADC}.AppStore|ARM.ActiveCfg = Release|iPhoneSimulator
		{D9AA666D-95E3-4DA6-AB27-86A059D21ADC}.AppStore|ARM.Build.0 = Release|iPhoneSimulator
		{D9AA666D-95E3-4DA6-AB27-86A059D21ADC}.AppStore|ARM64.ActiveCfg = Release|iPhoneSimulator
		{D9AA666D-95E3-4DA6-AB27-86A059D21ADC}.AppStore|ARM64.Build.0 = Release|iPhoneSimulator
		{D9AA666D-95E3-4DA6-AB27-86A059D21ADC}.AppStore|iPhone.ActiveCfg = Release|iPhoneSimulator
		{D9AA666D-95E3-4DA6-AB27-86A059D21ADC}.AppStore|iPhone.Build.0 = Release|iPhoneSimulator
		{D9AA666D-95E3-4DA6-AB27-86A059D21ADC}.AppStore|iPhoneSimulator.ActiveCfg = Release|iPhoneSimulator
		{D9AA666D-95E3-4DA6-AB27-86A059D21ADC}.AppStore|iPhoneSimulator.Build.0 = Release|iPhoneSimulator
		{D9AA666D-95E3-4DA6-AB27-86A059D21ADC}.AppStore|x64.ActiveCfg = Release|iPhoneSimulator
		{D9AA666D-95E3-4DA6-AB27-86A059D21ADC}.AppStore|x64.Build.0 = Release|iPhoneSimulator
		{D9AA666D-95E3-4DA6-AB27-86A059D21ADC}.AppStore|x86.ActiveCfg = Release|iPhoneSimulator
		{D9AA666D-95E3-4DA6-AB27-86A059D21ADC}.AppStore|x86.Build.0 = Release|iPhoneSimulator
		{D9AA666D-95E3-4DA6-AB27-86A059D21ADC}.Debug|Any CPU.ActiveCfg = Debug|iPhoneSimulator
		{D9AA666D-95E3-4DA6-AB27-86A059D21ADC}.Debug|ARM.ActiveCfg = Debug|iPhoneSimulator
		{D9AA666D-95E3-4DA6-AB27-86A059D21ADC}.Debug|ARM64.ActiveCfg = Debug|iPhoneSimulator
		{D9AA666D-95E3-4DA6-AB27-86A059D21ADC}.Debug|iPhone.ActiveCfg = Debug|iPhoneSimulator
		{D9AA666D-95E3-4DA6-AB27-86A059D21ADC}.Debug|iPhoneSimulator.ActiveCfg = Debug|iPhoneSimulator
		{D9AA666D-95E3-4DA6-AB27-86A059D21ADC}.Debug|iPhoneSimulator.Build.0 = Debug|iPhoneSimulator
		{D9AA666D-95E3-4DA6-AB27-86A059D21ADC}.Debug|x64.ActiveCfg = Debug|iPhoneSimulator
		{D9AA666D-95E3-4DA6-AB27-86A059D21ADC}.Debug|x86.ActiveCfg = Debug|iPhoneSimulator
		{D9AA666D-95E3-4DA6-AB27-86A059D21ADC}.Release|Any CPU.ActiveCfg = Release|iPhoneSimulator
		{D9AA666D-95E3-4DA6-AB27-86A059D21ADC}.Release|ARM.ActiveCfg = Release|iPhoneSimulator
		{D9AA666D-95E3-4DA6-AB27-86A059D21ADC}.Release|ARM64.ActiveCfg = Release|iPhoneSimulator
		{D9AA666D-95E3-4DA6-AB27-86A059D21ADC}.Release|iPhone.ActiveCfg = Release|iPhoneSimulator
		{D9AA666D-95E3-4DA6-AB27-86A059D21ADC}.Release|iPhoneSimulator.ActiveCfg = Release|iPhoneSimulator
		{D9AA666D-95E3-4DA6-AB27-86A059D21ADC}.Release|iPhoneSimulator.Build.0 = Release|iPhoneSimulator
		{D9AA666D-95E3-4DA6-AB27-86A059D21ADC}.Release|x64.ActiveCfg = Release|iPhoneSimulator
		{D9AA666D-95E3-4DA6-AB27-86A059D21ADC}.Release|x86.ActiveCfg = Release|iPhoneSimulator
	EndGlobalSection
	GlobalSection(SolutionProperties) = preSolution
		HideSolutionNode = FALSE
	EndGlobalSection
	GlobalSection(ExtensibilityGlobals) = postSolution
		SolutionGuid = {54563218-4C7B-408A-986F-737347C3216D}
	EndGlobalSection
EndGlobal
